// !$*UTF8*$!
{
	archiveVersion = 1;
	classes = {
	};
	objectVersion = 56;
	objects = {

/* Begin PBXBuildFile section */
		EA1F029B2A0AC5B5005053DB /* MOBA2_Lab_iTunesApp.swift in Sources */ = {isa = PBXBuildFile; fileRef = EA1F029A2A0AC5B5005053DB /* MOBA2_Lab_iTunesApp.swift */; };
		EA1F029D2A0AC5B5005053DB /* ContentView.swift in Sources */ = {isa = PBXBuildFile; fileRef = EA1F029C2A0AC5B5005053DB /* ContentView.swift */; };
		EA1F029F2A0AC5B7005053DB /* Assets.xcassets in Resources */ = {isa = PBXBuildFile; fileRef = EA1F029E2A0AC5B7005053DB /* Assets.xcassets */; };
		EA1F02A22A0AC5B7005053DB /* Preview Assets.xcassets in Resources */ = {isa = PBXBuildFile; fileRef = EA1F02A12A0AC5B7005053DB /* Preview Assets.xcassets */; };
		EA1F02AC2A0AC5B7005053DB /* MOBA2_Lab_iTunesTests.swift in Sources */ = {isa = PBXBuildFile; fileRef = EA1F02AB2A0AC5B7005053DB /* MOBA2_Lab_iTunesTests.swift */; };
		EA1F02B62A0AC5B7005053DB /* MOBA2_Lab_iTunesUITests.swift in Sources */ = {isa = PBXBuildFile; fileRef = EA1F02B52A0AC5B7005053DB /* MOBA2_Lab_iTunesUITests.swift */; };
		EA1F02B82A0AC5B7005053DB /* MOBA2_Lab_iTunesUITestsLaunchTests.swift in Sources */ = {isa = PBXBuildFile; fileRef = EA1F02B72A0AC5B7005053DB /* MOBA2_Lab_iTunesUITestsLaunchTests.swift */; };
		EA95A0F72A0AC68D00D0D2F5 /* stones.json in Resources */ = {isa = PBXBuildFile; fileRef = EA95A0F62A0AC68D00D0D2F5 /* stones.json */; };
/* End PBXBuildFile section */

/* Begin PBXContainerItemProxy section */
		EA1F02A82A0AC5B7005053DB /* PBXContainerItemProxy */ = {
			isa = PBXContainerItemProxy;
			containerPortal = EA1F028F2A0AC5B5005053DB /* Project object */;
			proxyType = 1;
			remoteGlobalIDString = EA1F02962A0AC5B5005053DB;
			remoteInfo = MOBA2_Lab_iTunes;
		};
		EA1F02B22A0AC5B7005053DB /* PBXContainerItemProxy */ = {
			isa = PBXContainerItemProxy;
			containerPortal = EA1F028F2A0AC5B5005053DB /* Project object */;
			proxyType = 1;
			remoteGlobalIDString = EA1F02962A0AC5B5005053DB;
			remoteInfo = MOBA2_Lab_iTunes;
		};
/* End PBXContainerItemProxy section */

/* Begin PBXFileReference section */
		EA1F02972A0AC5B5005053DB /* MOBA2_Lab_iTunes.app */ = {isa = PBXFileReference; explicitFileType = wrapper.application; includeInIndex = 0; path = MOBA2_Lab_iTunes.app; sourceTree = BUILT_PRODUCTS_DIR; };
		EA1F029A2A0AC5B5005053DB /* MOBA2_Lab_iTunesApp.swift */ = {isa = PBXFileReference; lastKnownFileType = sourcecode.swift; path = MOBA2_Lab_iTunesApp.swift; sourceTree = "<group>"; };
		EA1F029C2A0AC5B5005053DB /* ContentView.swift */ = {isa = PBXFileReference; lastKnownFileType = sourcecode.swift; path = ContentView.swift; sourceTree = "<group>"; };
		EA1F029E2A0AC5B7005053DB /* Assets.xcassets */ = {isa = PBXFileReference; lastKnownFileType = folder.assetcatalog; path = Assets.xcassets; sourceTree = "<group>"; };
		EA1F02A12A0AC5B7005053DB /* Preview Assets.xcassets */ = {isa = PBXFileReference; lastKnownFileType = folder.assetcatalog; path = "Preview Assets.xcassets"; sourceTree = "<group>"; };
		EA1F02A72A0AC5B7005053DB /* MOBA2_Lab_iTunesTests.xctest */ = {isa = PBXFileReference; explicitFileType = wrapper.cfbundle; includeInIndex = 0; path = MOBA2_Lab_iTunesTests.xctest; sourceTree = BUILT_PRODUCTS_DIR; };
		EA1F02AB2A0AC5B7005053DB /* MOBA2_Lab_iTunesTests.swift */ = {isa = PBXFileReference; lastKnownFileType = sourcecode.swift; path = MOBA2_Lab_iTunesTests.swift; sourceTree = "<group>"; };
		EA1F02B12A0AC5B7005053DB /* MOBA2_Lab_iTunesUITests.xctest */ = {isa = PBXFileReference; explicitFileType = wrapper.cfbundle; includeInIndex = 0; path = MOBA2_Lab_iTunesUITests.xctest; sourceTree = BUILT_PRODUCTS_DIR; };
		EA1F02B52A0AC5B7005053DB /* MOBA2_Lab_iTunesUITests.swift */ = {isa = PBXFileReference; lastKnownFileType = sourcecode.swift; path = MOBA2_Lab_iTunesUITests.swift; sourceTree = "<group>"; };
		EA1F02B72A0AC5B7005053DB /* MOBA2_Lab_iTunesUITestsLaunchTests.swift */ = {isa = PBXFileReference; lastKnownFileType = sourcecode.swift; path = MOBA2_Lab_iTunesUITestsLaunchTests.swift; sourceTree = "<group>"; };
		EA95A0F62A0AC68D00D0D2F5 /* stones.json */ = {isa = PBXFileReference; fileEncoding = 4; lastKnownFileType = text.json; path = stones.json; sourceTree = "<group>"; };
/* End PBXFileReference section */

/* Begin PBXFrameworksBuildPhase section */
		EA1F02942A0AC5B5005053DB /* Frameworks */ = {
			isa = PBXFrameworksBuildPhase;
			buildActionMask = 2147483647;
			files = (
			);
			runOnlyForDeploymentPostprocessing = 0;
		};
		EA1F02A42A0AC5B7005053DB /* Frameworks */ = {
			isa = PBXFrameworksBuildPhase;
			buildActionMask = 2147483647;
			files = (
			);
			runOnlyForDeploymentPostprocessing = 0;
		};
		EA1F02AE2A0AC5B7005053DB /* Frameworks */ = {
			isa = PBXFrameworksBuildPhase;
			buildActionMask = 2147483647;
			files = (
			);
			runOnlyForDeploymentPostprocessing = 0;
		};
/* End PBXFrameworksBuildPhase section */

/* Begin PBXGroup section */
		EA1F028E2A0AC5B5005053DB = {
			isa = PBXGroup;
			children = (
				EA1F02992A0AC5B5005053DB /* MOBA2_Lab_iTunes */,
				EA1F02AA2A0AC5B7005053DB /* MOBA2_Lab_iTunesTests */,
				EA1F02B42A0AC5B7005053DB /* MOBA2_Lab_iTunesUITests */,
				EA1F02982A0AC5B5005053DB /* Products */,
			);
			sourceTree = "<group>";
		};
		EA1F02982A0AC5B5005053DB /* Products */ = {
			isa = PBXGroup;
			children = (
				EA1F02972A0AC5B5005053DB /* MOBA2_Lab_iTunes.app */,
				EA1F02A72A0AC5B7005053DB /* MOBA2_Lab_iTunesTests.xctest */,
				EA1F02B12A0AC5B7005053DB /* MOBA2_Lab_iTunesUITests.xctest */,
			);
			name = Products;
			sourceTree = "<group>";
		};
		EA1F02992A0AC5B5005053DB /* MOBA2_Lab_iTunes */ = {
			isa = PBXGroup;
			children = (
				EA1F029A2A0AC5B5005053DB /* MOBA2_Lab_iTunesApp.swift */,
				EA1F029C2A0AC5B5005053DB /* ContentView.swift */,
				EA95A0F62A0AC68D00D0D2F5 /* stones.json */,
				EA1F029E2A0AC5B7005053DB /* Assets.xcassets */,
				EA1F02A02A0AC5B7005053DB /* Preview Content */,
			);
			path = MOBA2_Lab_iTunes;
			sourceTree = "<group>";
		};
		EA1F02A02A0AC5B7005053DB /* Preview Content */ = {
			isa = PBXGroup;
			children = (
				EA1F02A12A0AC5B7005053DB /* Preview Assets.xcassets */,
			);
			path = "Preview Content";
			sourceTree = "<group>";
		};
		EA1F02AA2A0AC5B7005053DB /* MOBA2_Lab_iTunesTests */ = {
			isa = PBXGroup;
			children = (
				EA1F02AB2A0AC5B7005053DB /* MOBA2_Lab_iTunesTests.swift */,
			);
			path = MOBA2_Lab_iTunesTests;
			sourceTree = "<group>";
		};
		EA1F02B42A0AC5B7005053DB /* MOBA2_Lab_iTunesUITests */ = {
			isa = PBXGroup;
			children = (
				EA1F02B52A0AC5B7005053DB /* MOBA2_Lab_iTunesUITests.swift */,
				EA1F02B72A0AC5B7005053DB /* MOBA2_Lab_iTunesUITestsLaunchTests.swift */,
			);
			path = MOBA2_Lab_iTunesUITests;
			sourceTree = "<group>";
		};
/* End PBXGroup section */

/* Begin PBXNativeTarget section */
		EA1F02962A0AC5B5005053DB /* MOBA2_Lab_iTunes */ = {
			isa = PBXNativeTarget;
			buildConfigurationList = EA1F02BB2A0AC5B7005053DB /* Build configuration list for PBXNativeTarget "MOBA2_Lab_iTunes" */;
			buildPhases = (
				EA1F02932A0AC5B5005053DB /* Sources */,
				EA1F02942A0AC5B5005053DB /* Frameworks */,
				EA1F02952A0AC5B5005053DB /* Resources */,
			);
			buildRules = (
			);
			dependencies = (
			);
			name = MOBA2_Lab_iTunes;
			productName = MOBA2_Lab_iTunes;
			productReference = EA1F02972A0AC5B5005053DB /* MOBA2_Lab_iTunes.app */;
			productType = "com.apple.product-type.application";
		};
		EA1F02A62A0AC5B7005053DB /* MOBA2_Lab_iTunesTests */ = {
			isa = PBXNativeTarget;
			buildConfigurationList = EA1F02BE2A0AC5B7005053DB /* Build configuration list for PBXNativeTarget "MOBA2_Lab_iTunesTests" */;
			buildPhases = (
				EA1F02A32A0AC5B7005053DB /* Sources */,
				EA1F02A42A0AC5B7005053DB /* Frameworks */,
				EA1F02A52A0AC5B7005053DB /* Resources */,
			);
			buildRules = (
			);
			dependencies = (
				EA1F02A92A0AC5B7005053DB /* PBXTargetDependency */,
			);
			name = MOBA2_Lab_iTunesTests;
			productName = MOBA2_Lab_iTunesTests;
			productReference = EA1F02A72A0AC5B7005053DB /* MOBA2_Lab_iTunesTests.xctest */;
			productType = "com.apple.product-type.bundle.unit-test";
		};
		EA1F02B02A0AC5B7005053DB /* MOBA2_Lab_iTunesUITests */ = {
			isa = PBXNativeTarget;
			buildConfigurationList = EA1F02C12A0AC5B7005053DB /* Build configuration list for PBXNativeTarget "MOBA2_Lab_iTunesUITests" */;
			buildPhases = (
				EA1F02AD2A0AC5B7005053DB /* Sources */,
				EA1F02AE2A0AC5B7005053DB /* Frameworks */,
				EA1F02AF2A0AC5B7005053DB /* Resources */,
			);
			buildRules = (
			);
			dependencies = (
				EA1F02B32A0AC5B7005053DB /* PBXTargetDependency */,
			);
			name = MOBA2_Lab_iTunesUITests;
			productName = MOBA2_Lab_iTunesUITests;
			productReference = EA1F02B12A0AC5B7005053DB /* MOBA2_Lab_iTunesUITests.xctest */;
			productType = "com.apple.product-type.bundle.ui-testing";
		};
/* End PBXNativeTarget section */

/* Begin PBXProject section */
		EA1F028F2A0AC5B5005053DB /* Project object */ = {
			isa = PBXProject;
			attributes = {
				BuildIndependentTargetsInParallel = 1;
				LastSwiftUpdateCheck = 1430;
				LastUpgradeCheck = 1430;
				TargetAttributes = {
					EA1F02962A0AC5B5005053DB = {
						CreatedOnToolsVersion = 14.3;
					};
					EA1F02A62A0AC5B7005053DB = {
						CreatedOnToolsVersion = 14.3;
						TestTargetID = EA1F02962A0AC5B5005053DB;
					};
					EA1F02B02A0AC5B7005053DB = {
						CreatedOnToolsVersion = 14.3;
						TestTargetID = EA1F02962A0AC5B5005053DB;
					};
				};
			};
			buildConfigurationList = EA1F02922A0AC5B5005053DB /* Build configuration list for PBXProject "MOBA2_Lab_iTunes" */;
			compatibilityVersion = "Xcode 14.0";
			developmentRegion = en;
			hasScannedForEncodings = 0;
			knownRegions = (
				en,
				Base,
			);
			mainGroup = EA1F028E2A0AC5B5005053DB;
			productRefGroup = EA1F02982A0AC5B5005053DB /* Products */;
			projectDirPath = "";
			projectRoot = "";
			targets = (
				EA1F02962A0AC5B5005053DB /* MOBA2_Lab_iTunes */,
				EA1F02A62A0AC5B7005053DB /* MOBA2_Lab_iTunesTests */,
				EA1F02B02A0AC5B7005053DB /* MOBA2_Lab_iTunesUITests */,
			);
		};
/* End PBXProject section */

/* Begin PBXResourcesBuildPhase section */
		EA1F02952A0AC5B5005053DB /* Resources */ = {
			isa = PBXResourcesBuildPhase;
			buildActionMask = 2147483647;
			files = (
				EA1F02A22A0AC5B7005053DB /* Preview Assets.xcassets in Resources */,
				EA95A0F72A0AC68D00D0D2F5 /* stones.json in Resources */,
				EA1F029F2A0AC5B7005053DB /* Assets.xcassets in Resources */,
			);
			runOnlyForDeploymentPostprocessing = 0;
		};
		EA1F02A52A0AC5B7005053DB /* Resources */ = {
			isa = PBXResourcesBuildPhase;
			buildActionMask = 2147483647;
			files = (
			);
			runOnlyForDeploymentPostprocessing = 0;
		};
		EA1F02AF2A0AC5B7005053DB /* Resources */ = {
			isa = PBXResourcesBuildPhase;
			buildActionMask = 2147483647;
			files = (
			);
			runOnlyForDeploymentPostprocessing = 0;
		};
/* End PBXResourcesBuildPhase section */

/* Begin PBXSourcesBuildPhase section */
		EA1F02932A0AC5B5005053DB /* Sources */ = {
			isa = PBXSourcesBuildPhase;
			buildActionMask = 2147483647;
			files = (
				EA1F029D2A0AC5B5005053DB /* ContentView.swift in Sources */,
				EA1F029B2A0AC5B5005053DB /* MOBA2_Lab_iTunesApp.swift in Sources */,
			);
			runOnlyForDeploymentPostprocessing = 0;
		};
		EA1F02A32A0AC5B7005053DB /* Sources */ = {
			isa = PBXSourcesBuildPhase;
			buildActionMask = 2147483647;
			files = (
				EA1F02AC2A0AC5B7005053DB /* MOBA2_Lab_iTunesTests.swift in Sources */,
			);
			runOnlyForDeploymentPostprocessing = 0;
		};
		EA1F02AD2A0AC5B7005053DB /* Sources */ = {
			isa = PBXSourcesBuildPhase;
			buildActionMask = 2147483647;
			files = (
				EA1F02B82A0AC5B7005053DB /* MOBA2_Lab_iTunesUITestsLaunchTests.swift in Sources */,
				EA1F02B62A0AC5B7005053DB /* MOBA2_Lab_iTunesUITests.swift in Sources */,
			);
			runOnlyForDeploymentPostprocessing = 0;
		};
/* End PBXSourcesBuildPhase section */

/* Begin PBXTargetDependency section */
		EA1F02A92A0AC5B7005053DB /* PBXTargetDependency */ = {
			isa = PBXTargetDependency;
			target = EA1F02962A0AC5B5005053DB /* MOBA2_Lab_iTunes */;
			targetProxy = EA1F02A82A0AC5B7005053DB /* PBXContainerItemProxy */;
		};
		EA1F02B32A0AC5B7005053DB /* PBXTargetDependency */ = {
			isa = PBXTargetDependency;
			target = EA1F02962A0AC5B5005053DB /* MOBA2_Lab_iTunes */;
			targetProxy = EA1F02B22A0AC5B7005053DB /* PBXContainerItemProxy */;
		};
/* End PBXTargetDependency section */

/* Begin XCBuildConfiguration section */
		EA1F02B92A0AC5B7005053DB /* Debug */ = {
			isa = XCBuildConfiguration;
			buildSettings = {
				ALWAYS_SEARCH_USER_PATHS = NO;
				CLANG_ANALYZER_NONNULL = YES;
				CLANG_ANALYZER_NUMBER_OBJECT_CONVERSION = YES_AGGRESSIVE;
				CLANG_CXX_LANGUAGE_STANDARD = "gnu++20";
				CLANG_ENABLE_MODULES = YES;
				CLANG_ENABLE_OBJC_ARC = YES;
				CLANG_ENABLE_OBJC_WEAK = YES;
				CLANG_WARN_BLOCK_CAPTURE_AUTORELEASING = YES;
				CLANG_WARN_BOOL_CONVERSION = YES;
				CLANG_WARN_COMMA = YES;
				CLANG_WARN_CONSTANT_CONVERSION = YES;
				CLANG_WARN_DEPRECATED_OBJC_IMPLEMENTATIONS = YES;
				CLANG_WARN_DIRECT_OBJC_ISA_USAGE = YES_ERROR;
				CLANG_WARN_DOCUMENTATION_COMMENTS = YES;
				CLANG_WARN_EMPTY_BODY = YES;
				CLANG_WARN_ENUM_CONVERSION = YES;
				CLANG_WARN_INFINITE_RECURSION = YES;
				CLANG_WARN_INT_CONVERSION = YES;
				CLANG_WARN_NON_LITERAL_NULL_CONVERSION = YES;
				CLANG_WARN_OBJC_IMPLICIT_RETAIN_SELF = YES;
				CLANG_WARN_OBJC_LITERAL_CONVERSION = YES;
				CLANG_WARN_OBJC_ROOT_CLASS = YES_ERROR;
				CLANG_WARN_QUOTED_INCLUDE_IN_FRAMEWORK_HEADER = YES;
				CLANG_WARN_RANGE_LOOP_ANALYSIS = YES;
				CLANG_WARN_STRICT_PROTOTYPES = YES;
				CLANG_WARN_SUSPICIOUS_MOVE = YES;
				CLANG_WARN_UNGUARDED_AVAILABILITY = YES_AGGRESSIVE;
				CLANG_WARN_UNREACHABLE_CODE = YES;
				CLANG_WARN__DUPLICATE_METHOD_MATCH = YES;
				COPY_PHASE_STRIP = NO;
				DEBUG_INFORMATION_FORMAT = dwarf;
				ENABLE_STRICT_OBJC_MSGSEND = YES;
				ENABLE_TESTABILITY = YES;
				GCC_C_LANGUAGE_STANDARD = gnu11;
				GCC_DYNAMIC_NO_PIC = NO;
				GCC_NO_COMMON_BLOCKS = YES;
				GCC_OPTIMIZATION_LEVEL = 0;
				GCC_PREPROCESSOR_DEFINITIONS = (
					"DEBUG=1",
					"$(inherited)",
				);
				GCC_WARN_64_TO_32_BIT_CONVERSION = YES;
				GCC_WARN_ABOUT_RETURN_TYPE = YES_ERROR;
				GCC_WARN_UNDECLARED_SELECTOR = YES;
				GCC_WARN_UNINITIALIZED_AUTOS = YES_AGGRESSIVE;
				GCC_WARN_UNUSED_FUNCTION = YES;
				GCC_WARN_UNUSED_VARIABLE = YES;
				IPHONEOS_DEPLOYMENT_TARGET = 16.4;
				MTL_ENABLE_DEBUG_INFO = INCLUDE_SOURCE;
				MTL_FAST_MATH = YES;
				ONLY_ACTIVE_ARCH = YES;
				SDKROOT = iphoneos;
				SWIFT_ACTIVE_COMPILATION_CONDITIONS = DEBUG;
				SWIFT_OPTIMIZATION_LEVEL = "-Onone";
			};
			name = Debug;
		};
		EA1F02BA2A0AC5B7005053DB /* Release */ = {
			isa = XCBuildConfiguration;
			buildSettings = {
				ALWAYS_SEARCH_USER_PATHS = NO;
				CLANG_ANALYZER_NONNULL = YES;
				CLANG_ANALYZER_NUMBER_OBJECT_CONVERSION = YES_AGGRESSIVE;
				CLANG_CXX_LANGUAGE_STANDARD = "gnu++20";
				CLANG_ENABLE_MODULES = YES;
				CLANG_ENABLE_OBJC_ARC = YES;
				CLANG_ENABLE_OBJC_WEAK = YES;
				CLANG_WARN_BLOCK_CAPTURE_AUTORELEASING = YES;
				CLANG_WARN_BOOL_CONVERSION = YES;
				CLANG_WARN_COMMA = YES;
				CLANG_WARN_CONSTANT_CONVERSION = YES;
				CLANG_WARN_DEPRECATED_OBJC_IMPLEMENTATIONS = YES;
				CLANG_WARN_DIRECT_OBJC_ISA_USAGE = YES_ERROR;
				CLANG_WARN_DOCUMENTATION_COMMENTS = YES;
				CLANG_WARN_EMPTY_BODY = YES;
				CLANG_WARN_ENUM_CONVERSION = YES;
				CLANG_WARN_INFINITE_RECURSION = YES;
				CLANG_WARN_INT_CONVERSION = YES;
				CLANG_WARN_NON_LITERAL_NULL_CONVERSION = YES;
				CLANG_WARN_OBJC_IMPLICIT_RETAIN_SELF = YES;
				CLANG_WARN_OBJC_LITERAL_CONVERSION = YES;
				CLANG_WARN_OBJC_ROOT_CLASS = YES_ERROR;
				CLANG_WARN_QUOTED_INCLUDE_IN_FRAMEWORK_HEADER = YES;
				CLANG_WARN_RANGE_LOOP_ANALYSIS = YES;
				CLANG_WARN_STRICT_PROTOTYPES = YES;
				CLANG_WARN_SUSPICIOUS_MOVE = YES;
				CLANG_WARN_UNGUARDED_AVAILABILITY = YES_AGGRESSIVE;
				CLANG_WARN_UNREACHABLE_CODE = YES;
				CLANG_WARN__DUPLICATE_METHOD_MATCH = YES;
				COPY_PHASE_STRIP = NO;
				DEBUG_INFORMATION_FORMAT = "dwarf-with-dsym";
				ENABLE_NS_ASSERTIONS = NO;
				ENABLE_STRICT_OBJC_MSGSEND = YES;
				GCC_C_LANGUAGE_STANDARD = gnu11;
				GCC_NO_COMMON_BLOCKS = YES;
				GCC_WARN_64_TO_32_BIT_CONVERSION = YES;
				GCC_WARN_ABOUT_RETURN_TYPE = YES_ERROR;
				GCC_WARN_UNDECLARED_SELECTOR = YES;
				GCC_WARN_UNINITIALIZED_AUTOS = YES_AGGRESSIVE;
				GCC_WARN_UNUSED_FUNCTION = YES;
				GCC_WARN_UNUSED_VARIABLE = YES;
				IPHONEOS_DEPLOYMENT_TARGET = 16.4;
				MTL_ENABLE_DEBUG_INFO = NO;
				MTL_FAST_MATH = YES;
				SDKROOT = iphoneos;
				SWIFT_COMPILATION_MODE = wholemodule;
				SWIFT_OPTIMIZATION_LEVEL = "-O";
				VALIDATE_PRODUCT = YES;
			};
			name = Release;
		};
		EA1F02BC2A0AC5B7005053DB /* Debug */ = {
			isa = XCBuildConfiguration;
			buildSettings = {
				ASSETCATALOG_COMPILER_APPICON_NAME = AppIcon;
				ASSETCATALOG_COMPILER_GLOBAL_ACCENT_COLOR_NAME = AccentColor;
				CODE_SIGN_STYLE = Automatic;
				CURRENT_PROJECT_VERSION = 1;
				DEVELOPMENT_ASSET_PATHS = "\"MOBA2_Lab_iTunes/Preview Content\"";
				ENABLE_PREVIEWS = YES;
				GENERATE_INFOPLIST_FILE = YES;
				INFOPLIST_KEY_UIApplicationSceneManifest_Generation = YES;
				INFOPLIST_KEY_UIApplicationSupportsIndirectInputEvents = YES;
				INFOPLIST_KEY_UILaunchScreen_Generation = YES;
				INFOPLIST_KEY_UISupportedInterfaceOrientations_iPad = "UIInterfaceOrientationPortrait UIInterfaceOrientationPortraitUpsideDown UIInterfaceOrientationLandscapeLeft UIInterfaceOrientationLandscapeRight";
				INFOPLIST_KEY_UISupportedInterfaceOrientations_iPhone = "UIInterfaceOrientationPortrait UIInterfaceOrientationLandscapeLeft UIInterfaceOrientationLandscapeRight";
				LD_RUNPATH_SEARCH_PATHS = (
					"$(inherited)",
					"@executable_path/Frameworks",
				);
				MARKETING_VERSION = 1.0;
				PRODUCT_BUNDLE_IDENTIFIER = "com.zhaw.MOBA2-Lab-iTunes";
				PRODUCT_NAME = "$(TARGET_NAME)";
				SWIFT_EMIT_LOC_STRINGS = YES;
				SWIFT_VERSION = 5.0;
				TARGETED_DEVICE_FAMILY = "1,2";
			};
			name = Debug;
		};
		EA1F02BD2A0AC5B7005053DB /* Release */ = {
			isa = XCBuildConfiguration;
			buildSettings = {
				ASSETCATALOG_COMPILER_APPICON_NAME = AppIcon;
				ASSETCATALOG_COMPILER_GLOBAL_ACCENT_COLOR_NAME = AccentColor;
				CODE_SIGN_STYLE = Automatic;
				CURRENT_PROJECT_VERSION = 1;
				DEVELOPMENT_ASSET_PATHS = "\"MOBA2_Lab_iTunes/Preview Content\"";
				ENABLE_PREVIEWS = YES;
				GENERATE_INFOPLIST_FILE = YES;
				INFOPLIST_KEY_UIApplicationSceneManifest_Generation = YES;
				INFOPLIST_KEY_UIApplicationSupportsIndirectInputEvents = YES;
				INFOPLIST_KEY_UILaunchScreen_Generation = YES;
				INFOPLIST_KEY_UISupportedInterfaceOrientations_iPad = "UIInterfaceOrientationPortrait UIInterfaceOrientationPortraitUpsideDown UIInterfaceOrientationLandscapeLeft UIInterfaceOrientationLandscapeRight";
				INFOPLIST_KEY_UISupportedInterfaceOrientations_iPhone = "UIInterfaceOrientationPortrait UIInterfaceOrientationLandscapeLeft UIInterfaceOrientationLandscapeRight";
				LD_RUNPATH_SEARCH_PATHS = (
					"$(inherited)",
					"@executable_path/Frameworks",
				);
				MARKETING_VERSION = 1.0;
				PRODUCT_BUNDLE_IDENTIFIER = "com.zhaw.MOBA2-Lab-iTunes";
				PRODUCT_NAME = "$(TARGET_NAME)";
				SWIFT_EMIT_LOC_STRINGS = YES;
				SWIFT_VERSION = 5.0;
				TARGETED_DEVICE_FAMILY = "1,2";
			};
			name = Release;
		};
		EA1F02BF2A0AC5B7005053DB /* Debug */ = {
			isa = XCBuildConfiguration;
			buildSettings = {
				ALWAYS_EMBED_SWIFT_STANDARD_LIBRARIES = YES;
				BUNDLE_LOADER = "$(TEST_HOST)";
				CODE_SIGN_STYLE = Automatic;
				CURRENT_PROJECT_VERSION = 1;
				GENERATE_INFOPLIST_FILE = YES;
				IPHONEOS_DEPLOYMENT_TARGET = 16.4;
				MARKETING_VERSION = 1.0;
				PRODUCT_BUNDLE_IDENTIFIER = "com.zhaw.MOBA2-Lab-iTunesTests";
				PRODUCT_NAME = "$(TARGET_NAME)";
				SWIFT_EMIT_LOC_STRINGS = NO;
				SWIFT_VERSION = 5.0;
				TARGETED_DEVICE_FAMILY = "1,2";
				TEST_HOST = "$(BUILT_PRODUCTS_DIR)/MOBA2_Lab_iTunes.app/$(BUNDLE_EXECUTABLE_FOLDER_PATH)/MOBA2_Lab_iTunes";
			};
			name = Debug;
		};
		EA1F02C02A0AC5B7005053DB /* Release */ = {
			isa = XCBuildConfiguration;
			buildSettings = {
				ALWAYS_EMBED_SWIFT_STANDARD_LIBRARIES = YES;
				BUNDLE_LOADER = "$(TEST_HOST)";
				CODE_SIGN_STYLE = Automatic;
				CURRENT_PROJECT_VERSION = 1;
				GENERATE_INFOPLIST_FILE = YES;
				IPHONEOS_DEPLOYMENT_TARGET = 16.4;
				MARKETING_VERSION = 1.0;
				PRODUCT_BUNDLE_IDENTIFIER = "com.zhaw.MOBA2-Lab-iTunesTests";
				PRODUCT_NAME = "$(TARGET_NAME)";
				SWIFT_EMIT_LOC_STRINGS = NO;
				SWIFT_VERSION = 5.0;
				TARGETED_DEVICE_FAMILY = "1,2";
				TEST_HOST = "$(BUILT_PRODUCTS_DIR)/MOBA2_Lab_iTunes.app/$(BUNDLE_EXECUTABLE_FOLDER_PATH)/MOBA2_Lab_iTunes";
			};
			name = Release;
		};
		EA1F02C22A0AC5B7005053DB /* Debug */ = {
			isa = XCBuildConfiguration;
			buildSettings = {
				ALWAYS_EMBED_SWIFT_STANDARD_LIBRARIES = YES;
				CODE_SIGN_STYLE = Automatic;
				CURRENT_PROJECT_VERSION = 1;
				GENERATE_INFOPLIST_FILE = YES;
				MARKETING_VERSION = 1.0;
				PRODUCT_BUNDLE_IDENTIFIER = "com.zhaw.MOBA2-Lab-iTunesUITests";
				PRODUCT_NAME = "$(TARGET_NAME)";
				SWIFT_EMIT_LOC_STRINGS = NO;
				SWIFT_VERSION = 5.0;
				TARGETED_DEVICE_FAMILY = "1,2";
				TEST_TARGET_NAME = MOBA2_Lab_iTunes;
			};
			name = Debug;
		};
		EA1F02C32A0AC5B7005053DB /* Release */ = {
			isa = XCBuildConfiguration;
			buildSettings = {
				ALWAYS_EMBED_SWIFT_STANDARD_LIBRARIES = YES;
				CODE_SIGN_STYLE = Automatic;
				CURRENT_PROJECT_VERSION = 1;
				GENERATE_INFOPLIST_FILE = YES;
				MARKETING_VERSION = 1.0;
				PRODUCT_BUNDLE_IDENTIFIER = "com.zhaw.MOBA2-Lab-iTunesUITests";
				PRODUCT_NAME = "$(TARGET_NAME)";
				SWIFT_EMIT_LOC_STRINGS = NO;
				SWIFT_VERSION = 5.0;
				TARGETED_DEVICE_FAMILY = "1,2";
				TEST_TARGET_NAME = MOBA2_Lab_iTunes;
			};
			name = Release;
		};
/* End XCBuildConfiguration section */

/* Begin XCConfigurationList section */
		EA1F02922A0AC5B5005053DB /* Build configuration list for PBXProject "MOBA2_Lab_iTunes" */ = {
			isa = XCConfigurationList;
			buildConfigurations = (
				EA1F02B92A0AC5B7005053DB /* Debug */,
				EA1F02BA2A0AC5B7005053DB /* Release */,
			);
			defaultConfigurationIsVisible = 0;
			defaultConfigurationName = Release;
		};
		EA1F02BB2A0AC5B7005053DB /* Build configuration list for PBXNativeTarget "MOBA2_Lab_iTunes" */ = {
			isa = XCConfigurationList;
			buildConfigurations = (
				EA1F02BC2A0AC5B7005053DB /* Debug */,
				EA1F02BD2A0AC5B7005053DB /* Release */,
			);
			defaultConfigurationIsVisible = 0;
			defaultConfigurationName = Release;
		};
		EA1F02BE2A0AC5B7005053DB /* Build configuration list for PBXNativeTarget "MOBA2_Lab_iTunesTests" */ = {
			isa = XCConfigurationList;
			buildConfigurations = (
				EA1F02BF2A0AC5B7005053DB /* Debug */,
				EA1F02C02A0AC5B7005053DB /* Release */,
			);
			defaultConfigurationIsVisible = 0;
			defaultConfigurationName = Release;
		};
		EA1F02C12A0AC5B7005053DB /* Build configuration list for PBXNativeTarget "MOBA2_Lab_iTunesUITests" */ = {
			isa = XCConfigurationList;
			buildConfigurations = (
				EA1F02C22A0AC5B7005053DB /* Debug */,
				EA1F02C32A0AC5B7005053DB /* Release */,
			);
			defaultConfigurationIsVisible = 0;
			defaultConfigurationName = Release;
		};
/* End XCConfigurationList section */
	};
	rootObject = EA1F028F2A0AC5B5005053DB /* Project object */;
}
